{
    "name": "http-error",
    "lockfileVersion": 3,
    "requires": true,
    "packages": {
        "": {
            "name": "http-error",
            "dependencies": {
                "http-error": "file:"
            }
        },
        "node_modules/http-error": {
            "resolved": "",
            "link": true
        }
    }
}
